{
    "version": 3,
    "terraform_version": "0.11.8",
    "serial": 2,
    "lineage": "ba542fd3-5425-c731-9982-952900aa1a73",
    "modules": [
        {
            "path": [
                "root"
            ],
            "outputs": {},
            "resources": {
                "aws_instance.ec2_subnet_priv1": {
                    "type": "aws_instance",
                    "depends_on": [
                        "aws_security_group.ssh_only",
                        "aws_subnet.subnet_priv1"
                    ],
                    "primary": {
                        "id": "i-09add6c169b00b510",
                        "attributes": {
                            "ami": "ami-0ac019f4fcb7cb7e6",
                            "arn": "arn:aws:ec2:us-east-1:485164690107:instance/i-09add6c169b00b510",
                            "associate_public_ip_address": "false",
                            "availability_zone": "us-east-1a",
                            "cpu_core_count": "1",
                            "cpu_threads_per_core": "1",
                            "credit_specification.#": "1",
                            "credit_specification.0.cpu_credits": "standard",
                            "disable_api_termination": "false",
                            "ebs_block_device.#": "0",
                            "ebs_optimized": "false",
                            "ephemeral_block_device.#": "0",
                            "get_password_data": "false",
                            "iam_instance_profile": "",
                            "id": "i-09add6c169b00b510",
                            "instance_state": "running",
                            "instance_type": "t2.micro",
                            "ipv6_addresses.#": "0",
                            "key_name": "",
                            "monitoring": "false",
                            "network_interface.#": "0",
                            "network_interface_id": "eni-0a575c7d242b658ef",
                            "password_data": "",
                            "placement_group": "",
                            "primary_network_interface_id": "eni-0a575c7d242b658ef",
                            "private_dns": "ip-10-200-2-39.ec2.internal",
                            "private_ip": "10.200.2.39",
                            "public_dns": "",
                            "public_ip": "",
                            "root_block_device.#": "1",
                            "root_block_device.0.delete_on_termination": "true",
                            "root_block_device.0.iops": "100",
                            "root_block_device.0.volume_id": "vol-0b2c32ae0e25fc771",
                            "root_block_device.0.volume_size": "8",
                            "root_block_device.0.volume_type": "gp2",
                            "security_groups.#": "0",
                            "source_dest_check": "true",
                            "subnet_id": "subnet-088092887c8add184",
                            "tags.%": "0",
                            "tenancy": "default",
                            "volume_tags.%": "0",
                            "vpc_security_group_ids.#": "1",
                            "vpc_security_group_ids.3789630432": "sg-045b48c38a8a02f5c"
                        },
                        "meta": {
                            "e2bfb730-ecaa-11e6-8f88-34363bc7c4c0": {
                                "create": 600000000000,
                                "delete": 1200000000000,
                                "update": 600000000000
                            },
                            "schema_version": "1"
                        },
                        "tainted": false
                    },
                    "deposed": [],
                    "provider": "provider.aws"
                },
                "aws_instance.ec2_subnet_pub1": {
                    "type": "aws_instance",
                    "depends_on": [
                        "aws_security_group.ssh_only",
                        "aws_subnet.subnet_pub1"
                    ],
                    "primary": {
                        "id": "i-08a9c23b8d84d67be",
                        "attributes": {
                            "ami": "ami-0ac019f4fcb7cb7e6",
                            "arn": "arn:aws:ec2:us-east-1:485164690107:instance/i-08a9c23b8d84d67be",
                            "associate_public_ip_address": "true",
                            "availability_zone": "us-east-1a",
                            "cpu_core_count": "1",
                            "cpu_threads_per_core": "1",
                            "credit_specification.#": "1",
                            "credit_specification.0.cpu_credits": "standard",
                            "disable_api_termination": "false",
                            "ebs_block_device.#": "0",
                            "ebs_optimized": "false",
                            "ephemeral_block_device.#": "0",
                            "get_password_data": "false",
                            "iam_instance_profile": "",
                            "id": "i-08a9c23b8d84d67be",
                            "instance_state": "running",
                            "instance_type": "t2.micro",
                            "ipv6_addresses.#": "0",
                            "key_name": "",
                            "monitoring": "false",
                            "network_interface.#": "0",
                            "network_interface_id": "eni-0cf16d95fe0c44c0f",
                            "password_data": "",
                            "placement_group": "",
                            "primary_network_interface_id": "eni-0cf16d95fe0c44c0f",
                            "private_dns": "ip-10-200-1-18.ec2.internal",
                            "private_ip": "10.200.1.18",
                            "public_dns": "ec2-54-166-158-66.compute-1.amazonaws.com",
                            "public_ip": "54.166.158.66",
                            "root_block_device.#": "1",
                            "root_block_device.0.delete_on_termination": "true",
                            "root_block_device.0.iops": "100",
                            "root_block_device.0.volume_id": "vol-0c81244c7b38df731",
                            "root_block_device.0.volume_size": "8",
                            "root_block_device.0.volume_type": "gp2",
                            "security_groups.#": "0",
                            "source_dest_check": "true",
                            "subnet_id": "subnet-0122bf21021c61ff4",
                            "tags.%": "0",
                            "tenancy": "default",
                            "volume_tags.%": "0",
                            "vpc_security_group_ids.#": "1",
                            "vpc_security_group_ids.3789630432": "sg-045b48c38a8a02f5c"
                        },
                        "meta": {
                            "e2bfb730-ecaa-11e6-8f88-34363bc7c4c0": {
                                "create": 600000000000,
                                "delete": 1200000000000,
                                "update": 600000000000
                            },
                            "schema_version": "1"
                        },
                        "tainted": false
                    },
                    "deposed": [],
                    "provider": "provider.aws"
                },
                "aws_internet_gateway.default": {
                    "type": "aws_internet_gateway",
                    "depends_on": [
                        "aws_vpc.vpc_modelo"
                    ],
                    "primary": {
                        "id": "igw-0347aac8ea3af5465",
                        "attributes": {
                            "id": "igw-0347aac8ea3af5465",
                            "tags.%": "1",
                            "tags.name": "vpc_modelo",
                            "vpc_id": "vpc-0314db45b492ff567"
                        },
                        "meta": {},
                        "tainted": false
                    },
                    "deposed": [],
                    "provider": "provider.aws"
                },
                "aws_route_table.subnet_pub1": {
                    "type": "aws_route_table",
                    "depends_on": [
                        "aws_internet_gateway.default",
                        "aws_vpc.vpc_modelo"
                    ],
                    "primary": {
                        "id": "rtb-0ab1f71486701439a",
                        "attributes": {
                            "id": "rtb-0ab1f71486701439a",
                            "propagating_vgws.#": "0",
                            "route.#": "1",
                            "route.2298394256.cidr_block": "0.0.0.0/0",
                            "route.2298394256.egress_only_gateway_id": "",
                            "route.2298394256.gateway_id": "igw-0347aac8ea3af5465",
                            "route.2298394256.instance_id": "",
                            "route.2298394256.ipv6_cidr_block": "",
                            "route.2298394256.nat_gateway_id": "",
                            "route.2298394256.network_interface_id": "",
                            "route.2298394256.vpc_peering_connection_id": "",
                            "tags.%": "1",
                            "tags.name": "vpc_modelo",
                            "vpc_id": "vpc-0314db45b492ff567"
                        },
                        "meta": {},
                        "tainted": false
                    },
                    "deposed": [],
                    "provider": "provider.aws"
                },
                "aws_route_table_association.subnet_pub1": {
                    "type": "aws_route_table_association",
                    "depends_on": [
                        "aws_route_table.subnet_pub1",
                        "aws_subnet.subnet_pub1"
                    ],
                    "primary": {
                        "id": "rtbassoc-083b299bcf879a546",
                        "attributes": {
                            "id": "rtbassoc-083b299bcf879a546",
                            "route_table_id": "rtb-0ab1f71486701439a",
                            "subnet_id": "subnet-0122bf21021c61ff4"
                        },
                        "meta": {},
                        "tainted": false
                    },
                    "deposed": [],
                    "provider": "provider.aws"
                },
                "aws_security_group.ssh_only": {
                    "type": "aws_security_group",
                    "depends_on": [
                        "aws_vpc.vpc_modelo"
                    ],
                    "primary": {
                        "id": "sg-045b48c38a8a02f5c",
                        "attributes": {
                            "arn": "arn:aws:ec2:us-east-1:485164690107:security-group/sg-045b48c38a8a02f5c",
                            "description": "Allow SSH Only to All",
                            "egress.#": "1",
                            "egress.482069346.cidr_blocks.#": "1",
                            "egress.482069346.cidr_blocks.0": "0.0.0.0/0",
                            "egress.482069346.description": "",
                            "egress.482069346.from_port": "0",
                            "egress.482069346.ipv6_cidr_blocks.#": "0",
                            "egress.482069346.prefix_list_ids.#": "0",
                            "egress.482069346.protocol": "-1",
                            "egress.482069346.security_groups.#": "0",
                            "egress.482069346.self": "false",
                            "egress.482069346.to_port": "0",
                            "id": "sg-045b48c38a8a02f5c",
                            "ingress.#": "1",
                            "ingress.2541437006.cidr_blocks.#": "1",
                            "ingress.2541437006.cidr_blocks.0": "0.0.0.0/0",
                            "ingress.2541437006.description": "",
                            "ingress.2541437006.from_port": "22",
                            "ingress.2541437006.ipv6_cidr_blocks.#": "0",
                            "ingress.2541437006.prefix_list_ids.#": "0",
                            "ingress.2541437006.protocol": "tcp",
                            "ingress.2541437006.security_groups.#": "0",
                            "ingress.2541437006.self": "false",
                            "ingress.2541437006.to_port": "22",
                            "name": "ssh_only",
                            "owner_id": "485164690107",
                            "revoke_rules_on_delete": "false",
                            "tags.%": "1",
                            "tags.name": "ssh_only",
                            "vpc_id": "vpc-0314db45b492ff567"
                        },
                        "meta": {
                            "e2bfb730-ecaa-11e6-8f88-34363bc7c4c0": {
                                "create": 600000000000,
                                "delete": 600000000000
                            },
                            "schema_version": "1"
                        },
                        "tainted": false
                    },
                    "deposed": [],
                    "provider": "provider.aws"
                },
                "aws_subnet.subnet_priv1": {
                    "type": "aws_subnet",
                    "depends_on": [
                        "aws_vpc.vpc_modelo"
                    ],
                    "primary": {
                        "id": "subnet-088092887c8add184",
                        "attributes": {
                            "arn": "arn:aws:ec2:us-east-1:485164690107:subnet/subnet-088092887c8add184",
                            "assign_ipv6_address_on_creation": "false",
                            "availability_zone": "us-east-1a",
                            "cidr_block": "10.200.2.0/24",
                            "id": "subnet-088092887c8add184",
                            "map_public_ip_on_launch": "false",
                            "tags.%": "1",
                            "tags.name": "subnet_priv1",
                            "vpc_id": "vpc-0314db45b492ff567"
                        },
                        "meta": {
                            "e2bfb730-ecaa-11e6-8f88-34363bc7c4c0": {
                                "create": 600000000000,
                                "delete": 600000000000
                            },
                            "schema_version": "1"
                        },
                        "tainted": false
                    },
                    "deposed": [],
                    "provider": "provider.aws"
                },
                "aws_subnet.subnet_pub1": {
                    "type": "aws_subnet",
                    "depends_on": [
                        "aws_vpc.vpc_modelo"
                    ],
                    "primary": {
                        "id": "subnet-0122bf21021c61ff4",
                        "attributes": {
                            "arn": "arn:aws:ec2:us-east-1:485164690107:subnet/subnet-0122bf21021c61ff4",
                            "assign_ipv6_address_on_creation": "false",
                            "availability_zone": "us-east-1a",
                            "cidr_block": "10.200.1.0/24",
                            "id": "subnet-0122bf21021c61ff4",
                            "map_public_ip_on_launch": "false",
                            "tags.%": "1",
                            "tags.name": "subnet_pub1",
                            "vpc_id": "vpc-0314db45b492ff567"
                        },
                        "meta": {
                            "e2bfb730-ecaa-11e6-8f88-34363bc7c4c0": {
                                "create": 600000000000,
                                "delete": 600000000000
                            },
                            "schema_version": "1"
                        },
                        "tainted": false
                    },
                    "deposed": [],
                    "provider": "provider.aws"
                },
                "aws_vpc.vpc_modelo": {
                    "type": "aws_vpc",
                    "depends_on": [],
                    "primary": {
                        "id": "vpc-0314db45b492ff567",
                        "attributes": {
                            "arn": "arn:aws:ec2:us-east-1:485164690107:vpc/vpc-0314db45b492ff567",
                            "assign_generated_ipv6_cidr_block": "false",
                            "cidr_block": "10.200.0.0/16",
                            "default_network_acl_id": "acl-02974f4aa77c6fb62",
                            "default_route_table_id": "rtb-00946f37e63d5095f",
                            "default_security_group_id": "sg-0a12ba3a8533c8b8f",
                            "dhcp_options_id": "dopt-b6d4f7d0",
                            "enable_classiclink": "false",
                            "enable_classiclink_dns_support": "false",
                            "enable_dns_hostnames": "true",
                            "enable_dns_support": "true",
                            "id": "vpc-0314db45b492ff567",
                            "instance_tenancy": "default",
                            "main_route_table_id": "rtb-00946f37e63d5095f",
                            "tags.%": "1",
                            "tags.name": "vpc_modelo"
                        },
                        "meta": {
                            "schema_version": "1"
                        },
                        "tainted": false
                    },
                    "deposed": [],
                    "provider": "provider.aws"
                }
            },
            "depends_on": []
        }
    ]
}
